// !$*UTF8*$!
{
	archiveVersion = 1;
	classes = {
	};
	objectVersion = 46;
	objects = {

/* Begin PBXBuildFile section */
		F10AD7E71CEDBDB90011B87E /* AppDelegate.swift in Sources */ = {isa = PBXBuildFile; fileRef = F10AD7E61CEDBDB90011B87E /* AppDelegate.swift */; };
		F10AD7EC1CEDBDB90011B87E /* Main.storyboard in Resources */ = {isa = PBXBuildFile; fileRef = F10AD7EA1CEDBDB90011B87E /* Main.storyboard */; };
		F10AD7EE1CEDBDB90011B87E /* Assets.xcassets in Resources */ = {isa = PBXBuildFile; fileRef = F10AD7ED1CEDBDB90011B87E /* Assets.xcassets */; };
		F10AD7F11CEDBDB90011B87E /* LaunchScreen.storyboard in Resources */ = {isa = PBXBuildFile; fileRef = F10AD7EF1CEDBDB90011B87E /* LaunchScreen.storyboard */; };
		F10AD7F91CEDBE170011B87E /* ViewController.swift in Sources */ = {isa = PBXBuildFile; fileRef = F10AD7F81CEDBE170011B87E /* ViewController.swift */; };
		F10AD7FB1CEDBF310011B87E /* FirstTableViewController.swift in Sources */ = {isa = PBXBuildFile; fileRef = F10AD7FA1CEDBF310011B87E /* FirstTableViewController.swift */; };
/* End PBXBuildFile section */

/* Begin PBXFileReference section */
		F10AD7E31CEDBDB90011B87E /* Animated TableViewCell.app */ = {isa = PBXFileReference; explicitFileType = wrapper.application; includeInIndex = 0; path = "Animated TableViewCell.app"; sourceTree = BUILT_PRODUCTS_DIR; };
		F10AD7E61CEDBDB90011B87E /* AppDelegate.swift */ = {isa = PBXFileReference; lastKnownFileType = sourcecode.swift; path = AppDelegate.swift; sourceTree = "<group>"; };
		F10AD7EB1CEDBDB90011B87E /* Base */ = {isa = PBXFileReference; lastKnownFileType = file.storyboard; name = Base; path = Base.lproj/Main.storyboard; sourceTree = "<group>"; };
		F10AD7ED1CEDBDB90011B87E /* Assets.xcassets */ = {isa = PBXFileReference; lastKnownFileType = folder.assetcatalog; path = Assets.xcassets; sourceTree = "<group>"; };
		F10AD7F01CEDBDB90011B87E /* Base */ = {isa = PBXFileReference; lastKnownFileType = file.storyboard; name = Base; path = Base.lproj/LaunchScreen.storyboard; sourceTree = "<group>"; };
		F10AD7F21CEDBDB90011B87E /* Info.plist */ = {isa = PBXFileReference; lastKnownFileType = text.plist.xml; path = Info.plist; sourceTree = "<group>"; };
		F10AD7F81CEDBE170011B87E /* ViewController.swift */ = {isa = PBXFileReference; fileEncoding = 4; lastKnownFileType = sourcecode.swift; path = ViewController.swift; sourceTree = "<group>"; };
		F10AD7FA1CEDBF310011B87E /* FirstTableViewController.swift */ = {isa = PBXFileReference; fileEncoding = 4; lastKnownFileType = sourcecode.swift; path = FirstTableViewController.swift; sourceTree = "<group>"; };
/* End PBXFileReference section */

/* Begin PBXFrameworksBuildPhase section */
		F10AD7E01CEDBDB90011B87E /* Frameworks */ = {
			isa = PBXFrameworksBuildPhase;
			buildActionMask = 2147483647;
			files = (
			);
			runOnlyForDeploymentPostprocessing = 0;
		};
/* End PBXFrameworksBuildPhase section */

/* Begin PBXGroup section */
		F10AD7DA1CEDBDB90011B87E = {
			isa = PBXGroup;
			children = (
				F10AD7E51CEDBDB90011B87E /* Animated TableViewCell */,
				F10AD7E41CEDBDB90011B87E /* Products */,
			);
			sourceTree = "<group>";
		};
		F10AD7E41CEDBDB90011B87E /* Products */ = {
			isa = PBXGroup;
			children = (
				F10AD7E31CEDBDB90011B87E /* Animated TableViewCell.app */,
			);
			name = Products;
			sourceTree = "<group>";
		};
		F10AD7E51CEDBDB90011B87E /* Animated TableViewCell */ = {
			isa = PBXGroup;
			children = (
				F10AD7E61CEDBDB90011B87E /* AppDelegate.swift */,
				F10AD7EA1CEDBDB90011B87E /* Main.storyboard */,
				F10AD7FA1CEDBF310011B87E /* FirstTableViewController.swift */,
				F10AD7F81CEDBE170011B87E /* ViewController.swift */,
				F10AD7ED1CEDBDB90011B87E /* Assets.xcassets */,
				F10AD7EF1CEDBDB90011B87E /* LaunchScreen.storyboard */,
				F10AD7F21CEDBDB90011B87E /* Info.plist */,
			);
			path = "Animated TableViewCell";
			sourceTree = "<group>";
		};
/* End PBXGroup section */

/* Begin PBXNativeTarget section */
		F10AD7E21CEDBDB90011B87E /* Animated TableViewCell */ = {
			isa = PBXNativeTarget;
			buildConfigurationList = F10AD7F51CEDBDB90011B87E /* Build configuration list for PBXNativeTarget "Animated TableViewCell" */;
			buildPhases = (
				F10AD7DF1CEDBDB90011B87E /* Sources */,
				F10AD7E01CEDBDB90011B87E /* Frameworks */,
				F10AD7E11CEDBDB90011B87E /* Resources */,
			);
			buildRules = (
			);
			dependencies = (
			);
			name = "Animated TableViewCell";
			productName = "Animated TableViewCell";
			productReference = F10AD7E31CEDBDB90011B87E /* Animated TableViewCell.app */;
			productType = "com.apple.product-type.application";
		};
/* End PBXNativeTarget section */

/* Begin PBXProject section */
		F10AD7DB1CEDBDB90011B87E /* Project object */ = {
			isa = PBXProject;
			attributes = {
				LastSwiftUpdateCheck = 0730;
				LastUpgradeCheck = 0730;
				ORGANIZATIONNAME = Donny;
				TargetAttributes = {
					F10AD7E21CEDBDB90011B87E = {
						CreatedOnToolsVersion = 7.3;
						DevelopmentTeam = 76WCWVEEDT;
					};
				};
			};
			buildConfigurationList = F10AD7DE1CEDBDB90011B87E /* Build configuration list for PBXProject "Animated TableViewCell" */;
			compatibilityVersion = "Xcode 3.2";
			developmentRegion = English;
			hasScannedForEncodings = 0;
			knownRegions = (
				en,
				Base,
			);
			mainGroup = F10AD7DA1CEDBDB90011B87E;
			productRefGroup = F10AD7E41CEDBDB90011B87E /* Products */;
			projectDirPath = "";
			projectRoot = "";
			targets = (
				F10AD7E21CEDBDB90011B87E /* Animated TableViewCell */,
			);
		};
/* End PBXProject section */

/* Begin PBXResourcesBuildPhase section */
		F10AD7E11CEDBDB90011B87E /* Resources */ = {
			isa = PBXResourcesBuildPhase;
			buildActionMask = 2147483647;
			files = (
				F10AD7F11CEDBDB90011B87E /* LaunchScreen.storyboard in Resources */,
				F10AD7EE1CEDBDB90011B87E /* Assets.xcassets in Resources */,
				F10AD7EC1CEDBDB90011B87E /* Main.storyboard in Resources */,
			);
			runOnlyForDeploymentPostprocessing = 0;
		};
/* End PBXResourcesBuildPhase section */

/* Begin PBXSourcesBuildPhase section */
		F10AD7DF1CEDBDB90011B87E /* Sources */ = {
			isa = PBXSourcesBuildPhase;
			buildActionMask = 2147483647;
			files = (
				F10AD7F91CEDBE170011B87E /* ViewController.swift in Sources */,
				F10AD7E71CEDBDB90011B87E /* AppDelegate.swift in Sources */,
				F10AD7FB1CEDBF310011B87E /* FirstTableViewController.swift in Sources */,
			);
			runOnlyForDeploymentPostprocessing = 0;
		};
/* End PBXSourcesBuildPhase section */

/* Begin PBXVariantGroup section */
		F10AD7EA1CEDBDB90011B87E /* Main.storyboard */ = {
			isa = PBXVariantGroup;
			children = (
				F10AD7EB1CEDBDB90011B87E /* Base */,
			);
			name = Main.storyboard;
			sourceTree = "<group>";
		};
		F10AD7EF1CEDBDB90011B87E /* LaunchScreen.storyboard */ = {
			isa = PBXVariantGroup;
			children = (
				F10AD7F01CEDBDB90011B87E /* Base */,
			);
			name = LaunchScreen.storyboard;
			sourceTree = "<group>";
		};
/* End PBXVariantGroup section */

/* Begin XCBuildConfiguration section */
		F10AD7F31CEDBDB90011B87E /* Debug */ = {
			isa = XCBuildConfiguration;
			buildSettings = {
				ALWAYS_SEARCH_USER_PATHS = NO;
				CLANG_ANALYZER_NONNULL = YES;
				CLANG_CXX_LANGUAGE_STANDARD = "gnu++0x";
				CLANG_CXX_LIBRARY = "libc++";
				CLANG_ENABLE_MODULES = YES;
				CLANG_ENABLE_OBJC_ARC = YES;
				CLANG_WARN_BOOL_CONVERSION = YES;
				CLANG_WARN_CONSTANT_CONVERSION = YES;
				CLANG_WARN_DIRECT_OBJC_ISA_USAGE = YES_ERROR;
				CLANG_WARN_EMPTY_BODY = YES;
				CLANG_WARN_ENUM_CONVERSION = YES;
				CLANG_WARN_INT_CONVERSION = YES;
				CLANG_WARN_OBJC_ROOT_CLASS = YES_ERROR;
				CLANG_WARN_UNREACHABLE_CODE = YES;
				CLANG_WARN__DUPLICATE_METHOD_MATCH = YES;
				"CODE_SIGN_IDENTITY[sdk=iphoneos*]" = "iPhone Developer";
				COPY_PHASE_STRIP = NO;
				DEBUG_INFORMATION_FORMAT = dwarf;
				ENABLE_STRICT_OBJC_MSGSEND = YES;
				ENABLE_TESTABILITY = YES;
				GCC_C_LANGUAGE_STANDARD = gnu99;
				GCC_DYNAMIC_NO_PIC = NO;
				GCC_NO_COMMON_BLOCKS = YES;
				GCC_OPTIMIZATION_LEVEL = 0;
				GCC_PREPROCESSOR_DEFINITIONS = (
					"DEBUG=1",
					"$(inherited)",
				);
				GCC_WARN_64_TO_32_BIT_CONVERSION = YES;
				GCC_WARN_ABOUT_RETURN_TYPE = YES_ERROR;
				GCC_WARN_UNDECLARED_SELECTOR = YES;
				GCC_WARN_UNINITIALIZED_AUTOS = YES_AGGRESSIVE;
				GCC_WARN_UNUSED_FUNCTION = YES;
				GCC_WARN_UNUSED_VARIABLE = YES;
				IPHONEOS_DEPLOYMENT_TARGET = 9.3;
				MTL_ENABLE_DEBUG_INFO = YES;
				ONLY_ACTIVE_ARCH = YES;
				SDKROOT = iphoneos;
				SWIFT_OPTIMIZATION_LEVEL = "-Onone";
				TARGETED_DEVICE_FAMILY = "1,2";
			};
			name = Debug;
		};
		F10AD7F41CEDBDB90011B87E /* Release */ = {
			isa = XCBuildConfiguration;
			buildSettings = {
				ALWAYS_SEARCH_USER_PATHS = NO;
				CLANG_ANALYZER_NONNULL = YES;
				CLANG_CXX_LANGUAGE_STANDARD = "gnu++0x";
				CLANG_CXX_LIBRARY = "libc++";
				CLANG_ENABLE_MODULES = YES;
				CLANG_ENABLE_OBJC_ARC = YES;
				CLANG_WARN_BOOL_CONVERSION = YES;
				CLANG_WARN_CONSTANT_CONVERSION = YES;
				CLANG_WARN_DIRECT_OBJC_ISA_USAGE = YES_ERROR;
				CLANG_WARN_EMPTY_BODY = YES;
				CLANG_WARN_ENUM_CONVERSION = YES;
				CLANG_WARN_INT_CONVERSION = YES;
				CLANG_WARN_OBJC_ROOT_CLASS = YES_ERROR;
				CLANG_WARN_UNREACHABLE_CODE = YES;
				CLANG_WARN__DUPLICATE_METHOD_MATCH = YES;
				"CODE_SIGN_IDENTITY[sdk=iphoneos*]" = "iPhone Developer";
				COPY_PHASE_STRIP = NO;
				DEBUG_INFORMATION_FORMAT = "dwarf-with-dsym";
				ENABLE_NS_ASSERTIONS = NO;
				ENABLE_STRICT_OBJC_MSGSEND = YES;
				GCC_C_LANGUAGE_STANDARD = gnu99;
				GCC_NO_COMMON_BLOCKS = YES;
				GCC_WARN_64_TO_32_BIT_CONVERSION = YES;
				GCC_WARN_ABOUT_RETURN_TYPE = YES_ERROR;
				GCC_WARN_UNDECLARED_SELECTOR = YES;
				GCC_WARN_UNINITIALIZED_AUTOS = YES_AGGRESSIVE;
				GCC_WARN_UNUSED_FUNCTION = YES;
				GCC_WARN_UNUSED_VARIABLE = YES;
				IPHONEOS_DEPLOYMENT_TARGET = 9.3;
				MTL_ENABLE_DEBUG_INFO = NO;
				SDKROOT = iphoneos;
				TARGETED_DEVICE_FAMILY = "1,2";
				VALIDATE_PRODUCT = YES;
			};
			name = Release;
		};
		F10AD7F61CEDBDB90011B87E /* Debug */ = {
			isa = XCBuildConfiguration;
			buildSettings = {
				ASSETCATALOG_COMPILER_APPICON_NAME = AppIcon;
				INFOPLIST_FILE = "Animated TableViewCell/Info.plist";
				LD_RUNPATH_SEARCH_PATHS = "$(inherited) @executable_path/Frameworks";
				PRODUCT_BUNDLE_IDENTIFIER = "edu.self.Animated-TableViewCell";
				PRODUCT_NAME = "$(TARGET_NAME)";
			};
			name = Debug;
		};
		F10AD7F71CEDBDB90011B87E /* Release */ = {
			isa = XCBuildConfiguration;
			buildSettings = {
				ASSETCATALOG_COMPILER_APPICON_NAME = AppIcon;
				INFOPLIST_FILE = "Animated TableViewCell/Info.plist";
				LD_RUNPATH_SEARCH_PATHS = "$(inherited) @executable_path/Frameworks";
				PRODUCT_BUNDLE_IDENTIFIER = "edu.self.Animated-TableViewCell";
				PRODUCT_NAME = "$(TARGET_NAME)";
			};
			name = Release;
		};
/* End XCBuildConfiguration section */

/* Begin XCConfigurationList section */
		F10AD7DE1CEDBDB90011B87E /* Build configuration list for PBXProject "Animated TableViewCell" */ = {
			isa = XCConfigurationList;
			buildConfigurations = (
				F10AD7F31CEDBDB90011B87E /* Debug */,
				F10AD7F41CEDBDB90011B87E /* Release */,
			);
			defaultConfigurationIsVisible = 0;
			defaultConfigurationName = Release;
		};
		F10AD7F51CEDBDB90011B87E /* Build configuration list for PBXNativeTarget "Animated TableViewCell" */ = {
			isa = XCConfigurationList;
			buildConfigurations = (
				F10AD7F61CEDBDB90011B87E /* Debug */,
				F10AD7F71CEDBDB90011B87E /* Release */,
			);
			defaultConfigurationIsVisible = 0;
		};
/* End XCConfigurationList section */
	};
	rootObject = F10AD7DB1CEDBDB90011B87E /* Project object */;
}
