// !$*UTF8*$!
{
	archiveVersion = 1;
	classes = {
	};
	objectVersion = 46;
	objects = {

/* Begin PBXBuildFile section */
		F1F7F4D71CF2CC8E00A7066B /* AppDelegate.swift in Sources */ = {isa = PBXBuildFile; fileRef = F1F7F4D61CF2CC8E00A7066B /* AppDelegate.swift */; };
		F1F7F4D91CF2CC8E00A7066B /* ViewController.swift in Sources */ = {isa = PBXBuildFile; fileRef = F1F7F4D81CF2CC8E00A7066B /* ViewController.swift */; };
		F1F7F4DC1CF2CC8E00A7066B /* Main.storyboard in Resources */ = {isa = PBXBuildFile; fileRef = F1F7F4DA1CF2CC8E00A7066B /* Main.storyboard */; };
		F1F7F4DE1CF2CC8E00A7066B /* Assets.xcassets in Resources */ = {isa = PBXBuildFile; fileRef = F1F7F4DD1CF2CC8E00A7066B /* Assets.xcassets */; };
		F1F7F4E11CF2CC8E00A7066B /* LaunchScreen.storyboard in Resources */ = {isa = PBXBuildFile; fileRef = F1F7F4DF1CF2CC8E00A7066B /* LaunchScreen.storyboard */; };
		F1F7F4E91CF2E87200A7066B /* EffectView.xib in Resources */ = {isa = PBXBuildFile; fileRef = F1F7F4E81CF2E87200A7066B /* EffectView.xib */; };
		F1F7F4EB1CF2E8BA00A7066B /* EffectView.swift in Sources */ = {isa = PBXBuildFile; fileRef = F1F7F4EA1CF2E8BA00A7066B /* EffectView.swift */; };
		F1F7F4F11CF31BA100A7066B /* EffectViewController.swift in Sources */ = {isa = PBXBuildFile; fileRef = F1F7F4F01CF31BA100A7066B /* EffectViewController.swift */; };
		F1F7F4F31CF3335D00A7066B /* AnimationManager.swift in Sources */ = {isa = PBXBuildFile; fileRef = F1F7F4F21CF3335D00A7066B /* AnimationManager.swift */; };
/* End PBXBuildFile section */

/* Begin PBXFileReference section */
		F1F7F4D31CF2CC8E00A7066B /* TumblrMenu.app */ = {isa = PBXFileReference; explicitFileType = wrapper.application; includeInIndex = 0; path = TumblrMenu.app; sourceTree = BUILT_PRODUCTS_DIR; };
		F1F7F4D61CF2CC8E00A7066B /* AppDelegate.swift */ = {isa = PBXFileReference; lastKnownFileType = sourcecode.swift; path = AppDelegate.swift; sourceTree = "<group>"; };
		F1F7F4D81CF2CC8E00A7066B /* ViewController.swift */ = {isa = PBXFileReference; lastKnownFileType = sourcecode.swift; path = ViewController.swift; sourceTree = "<group>"; };
		F1F7F4DB1CF2CC8E00A7066B /* Base */ = {isa = PBXFileReference; lastKnownFileType = file.storyboard; name = Base; path = Base.lproj/Main.storyboard; sourceTree = "<group>"; };
		F1F7F4DD1CF2CC8E00A7066B /* Assets.xcassets */ = {isa = PBXFileReference; lastKnownFileType = folder.assetcatalog; path = Assets.xcassets; sourceTree = "<group>"; };
		F1F7F4E01CF2CC8E00A7066B /* Base */ = {isa = PBXFileReference; lastKnownFileType = file.storyboard; name = Base; path = Base.lproj/LaunchScreen.storyboard; sourceTree = "<group>"; };
		F1F7F4E21CF2CC8E00A7066B /* Info.plist */ = {isa = PBXFileReference; lastKnownFileType = text.plist.xml; path = Info.plist; sourceTree = "<group>"; };
		F1F7F4E81CF2E87200A7066B /* EffectView.xib */ = {isa = PBXFileReference; fileEncoding = 4; lastKnownFileType = file.xib; path = EffectView.xib; sourceTree = "<group>"; };
		F1F7F4EA1CF2E8BA00A7066B /* EffectView.swift */ = {isa = PBXFileReference; fileEncoding = 4; lastKnownFileType = sourcecode.swift; path = EffectView.swift; sourceTree = "<group>"; };
		F1F7F4F01CF31BA100A7066B /* EffectViewController.swift */ = {isa = PBXFileReference; fileEncoding = 4; lastKnownFileType = sourcecode.swift; path = EffectViewController.swift; sourceTree = "<group>"; };
		F1F7F4F21CF3335D00A7066B /* AnimationManager.swift */ = {isa = PBXFileReference; fileEncoding = 4; lastKnownFileType = sourcecode.swift; path = AnimationManager.swift; sourceTree = "<group>"; };
/* End PBXFileReference section */

/* Begin PBXFrameworksBuildPhase section */
		F1F7F4D01CF2CC8E00A7066B /* Frameworks */ = {
			isa = PBXFrameworksBuildPhase;
			buildActionMask = 2147483647;
			files = (
			);
			runOnlyForDeploymentPostprocessing = 0;
		};
/* End PBXFrameworksBuildPhase section */

/* Begin PBXGroup section */
		F1F7F4CA1CF2CC8E00A7066B = {
			isa = PBXGroup;
			children = (
				F1F7F4D51CF2CC8E00A7066B /* TumblrMenu */,
				F1F7F4D41CF2CC8E00A7066B /* Products */,
			);
			sourceTree = "<group>";
		};
		F1F7F4D41CF2CC8E00A7066B /* Products */ = {
			isa = PBXGroup;
			children = (
				F1F7F4D31CF2CC8E00A7066B /* TumblrMenu.app */,
			);
			name = Products;
			sourceTree = "<group>";
		};
		F1F7F4D51CF2CC8E00A7066B /* TumblrMenu */ = {
			isa = PBXGroup;
			children = (
				F1F7F4D61CF2CC8E00A7066B /* AppDelegate.swift */,
				F1F7F4D81CF2CC8E00A7066B /* ViewController.swift */,
				F1F7F4F01CF31BA100A7066B /* EffectViewController.swift */,
				F1F7F4DA1CF2CC8E00A7066B /* Main.storyboard */,
				F1F7F4DD1CF2CC8E00A7066B /* Assets.xcassets */,
				F1F7F4EA1CF2E8BA00A7066B /* EffectView.swift */,
				F1F7F4E81CF2E87200A7066B /* EffectView.xib */,
				F1F7F4F21CF3335D00A7066B /* AnimationManager.swift */,
				F1F7F4DF1CF2CC8E00A7066B /* LaunchScreen.storyboard */,
				F1F7F4E21CF2CC8E00A7066B /* Info.plist */,
			);
			path = TumblrMenu;
			sourceTree = "<group>";
		};
/* End PBXGroup section */

/* Begin PBXNativeTarget section */
		F1F7F4D21CF2CC8E00A7066B /* TumblrMenu */ = {
			isa = PBXNativeTarget;
			buildConfigurationList = F1F7F4E51CF2CC8E00A7066B /* Build configuration list for PBXNativeTarget "TumblrMenu" */;
			buildPhases = (
				F1F7F4CF1CF2CC8E00A7066B /* Sources */,
				F1F7F4D01CF2CC8E00A7066B /* Frameworks */,
				F1F7F4D11CF2CC8E00A7066B /* Resources */,
			);
			buildRules = (
			);
			dependencies = (
			);
			name = TumblrMenu;
			productName = TumblrMenu;
			productReference = F1F7F4D31CF2CC8E00A7066B /* TumblrMenu.app */;
			productType = "com.apple.product-type.application";
		};
/* End PBXNativeTarget section */

/* Begin PBXProject section */
		F1F7F4CB1CF2CC8E00A7066B /* Project object */ = {
			isa = PBXProject;
			attributes = {
				LastSwiftUpdateCheck = 0730;
				LastUpgradeCheck = 0730;
				ORGANIZATIONNAME = Donny;
				TargetAttributes = {
					F1F7F4D21CF2CC8E00A7066B = {
						CreatedOnToolsVersion = 7.3.1;
						DevelopmentTeam = 76WCWVEEDT;
					};
				};
			};
			buildConfigurationList = F1F7F4CE1CF2CC8E00A7066B /* Build configuration list for PBXProject "TumblrMenu" */;
			compatibilityVersion = "Xcode 3.2";
			developmentRegion = English;
			hasScannedForEncodings = 0;
			knownRegions = (
				en,
				Base,
			);
			mainGroup = F1F7F4CA1CF2CC8E00A7066B;
			productRefGroup = F1F7F4D41CF2CC8E00A7066B /* Products */;
			projectDirPath = "";
			projectRoot = "";
			targets = (
				F1F7F4D21CF2CC8E00A7066B /* TumblrMenu */,
			);
		};
/* End PBXProject section */

/* Begin PBXResourcesBuildPhase section */
		F1F7F4D11CF2CC8E00A7066B /* Resources */ = {
			isa = PBXResourcesBuildPhase;
			buildActionMask = 2147483647;
			files = (
				F1F7F4E11CF2CC8E00A7066B /* LaunchScreen.storyboard in Resources */,
				F1F7F4DE1CF2CC8E00A7066B /* Assets.xcassets in Resources */,
				F1F7F4DC1CF2CC8E00A7066B /* Main.storyboard in Resources */,
				F1F7F4E91CF2E87200A7066B /* EffectView.xib in Resources */,
			);
			runOnlyForDeploymentPostprocessing = 0;
		};
/* End PBXResourcesBuildPhase section */

/* Begin PBXSourcesBuildPhase section */
		F1F7F4CF1CF2CC8E00A7066B /* Sources */ = {
			isa = PBXSourcesBuildPhase;
			buildActionMask = 2147483647;
			files = (
				F1F7F4F31CF3335D00A7066B /* AnimationManager.swift in Sources */,
				F1F7F4EB1CF2E8BA00A7066B /* EffectView.swift in Sources */,
				F1F7F4F11CF31BA100A7066B /* EffectViewController.swift in Sources */,
				F1F7F4D91CF2CC8E00A7066B /* ViewController.swift in Sources */,
				F1F7F4D71CF2CC8E00A7066B /* AppDelegate.swift in Sources */,
			);
			runOnlyForDeploymentPostprocessing = 0;
		};
/* End PBXSourcesBuildPhase section */

/* Begin PBXVariantGroup section */
		F1F7F4DA1CF2CC8E00A7066B /* Main.storyboard */ = {
			isa = PBXVariantGroup;
			children = (
				F1F7F4DB1CF2CC8E00A7066B /* Base */,
			);
			name = Main.storyboard;
			sourceTree = "<group>";
		};
		F1F7F4DF1CF2CC8E00A7066B /* LaunchScreen.storyboard */ = {
			isa = PBXVariantGroup;
			children = (
				F1F7F4E01CF2CC8E00A7066B /* Base */,
			);
			name = LaunchScreen.storyboard;
			sourceTree = "<group>";
		};
/* End PBXVariantGroup section */

/* Begin XCBuildConfiguration section */
		F1F7F4E31CF2CC8E00A7066B /* Debug */ = {
			isa = XCBuildConfiguration;
			buildSettings = {
				ALWAYS_SEARCH_USER_PATHS = NO;
				CLANG_ANALYZER_NONNULL = YES;
				CLANG_CXX_LANGUAGE_STANDARD = "gnu++0x";
				CLANG_CXX_LIBRARY = "libc++";
				CLANG_ENABLE_MODULES = YES;
				CLANG_ENABLE_OBJC_ARC = YES;
				CLANG_WARN_BOOL_CONVERSION = YES;
				CLANG_WARN_CONSTANT_CONVERSION = YES;
				CLANG_WARN_DIRECT_OBJC_ISA_USAGE = YES_ERROR;
				CLANG_WARN_EMPTY_BODY = YES;
				CLANG_WARN_ENUM_CONVERSION = YES;
				CLANG_WARN_INT_CONVERSION = YES;
				CLANG_WARN_OBJC_ROOT_CLASS = YES_ERROR;
				CLANG_WARN_UNREACHABLE_CODE = YES;
				CLANG_WARN__DUPLICATE_METHOD_MATCH = YES;
				"CODE_SIGN_IDENTITY[sdk=iphoneos*]" = "iPhone Developer";
				COPY_PHASE_STRIP = NO;
				DEBUG_INFORMATION_FORMAT = dwarf;
				ENABLE_STRICT_OBJC_MSGSEND = YES;
				ENABLE_TESTABILITY = YES;
				GCC_C_LANGUAGE_STANDARD = gnu99;
				GCC_DYNAMIC_NO_PIC = NO;
				GCC_NO_COMMON_BLOCKS = YES;
				GCC_OPTIMIZATION_LEVEL = 0;
				GCC_PREPROCESSOR_DEFINITIONS = (
					"DEBUG=1",
					"$(inherited)",
				);
				GCC_WARN_64_TO_32_BIT_CONVERSION = YES;
				GCC_WARN_ABOUT_RETURN_TYPE = YES_ERROR;
				GCC_WARN_UNDECLARED_SELECTOR = YES;
				GCC_WARN_UNINITIALIZED_AUTOS = YES_AGGRESSIVE;
				GCC_WARN_UNUSED_FUNCTION = YES;
				GCC_WARN_UNUSED_VARIABLE = YES;
				IPHONEOS_DEPLOYMENT_TARGET = 9.3;
				MTL_ENABLE_DEBUG_INFO = YES;
				ONLY_ACTIVE_ARCH = YES;
				SDKROOT = iphoneos;
				SWIFT_OPTIMIZATION_LEVEL = "-Onone";
				TARGETED_DEVICE_FAMILY = "1,2";
			};
			name = Debug;
		};
		F1F7F4E41CF2CC8E00A7066B /* Release */ = {
			isa = XCBuildConfiguration;
			buildSettings = {
				ALWAYS_SEARCH_USER_PATHS = NO;
				CLANG_ANALYZER_NONNULL = YES;
				CLANG_CXX_LANGUAGE_STANDARD = "gnu++0x";
				CLANG_CXX_LIBRARY = "libc++";
				CLANG_ENABLE_MODULES = YES;
				CLANG_ENABLE_OBJC_ARC = YES;
				CLANG_WARN_BOOL_CONVERSION = YES;
				CLANG_WARN_CONSTANT_CONVERSION = YES;
				CLANG_WARN_DIRECT_OBJC_ISA_USAGE = YES_ERROR;
				CLANG_WARN_EMPTY_BODY = YES;
				CLANG_WARN_ENUM_CONVERSION = YES;
				CLANG_WARN_INT_CONVERSION = YES;
				CLANG_WARN_OBJC_ROOT_CLASS = YES_ERROR;
				CLANG_WARN_UNREACHABLE_CODE = YES;
				CLANG_WARN__DUPLICATE_METHOD_MATCH = YES;
				"CODE_SIGN_IDENTITY[sdk=iphoneos*]" = "iPhone Developer";
				COPY_PHASE_STRIP = NO;
				DEBUG_INFORMATION_FORMAT = "dwarf-with-dsym";
				ENABLE_NS_ASSERTIONS = NO;
				ENABLE_STRICT_OBJC_MSGSEND = YES;
				GCC_C_LANGUAGE_STANDARD = gnu99;
				GCC_NO_COMMON_BLOCKS = YES;
				GCC_WARN_64_TO_32_BIT_CONVERSION = YES;
				GCC_WARN_ABOUT_RETURN_TYPE = YES_ERROR;
				GCC_WARN_UNDECLARED_SELECTOR = YES;
				GCC_WARN_UNINITIALIZED_AUTOS = YES_AGGRESSIVE;
				GCC_WARN_UNUSED_FUNCTION = YES;
				GCC_WARN_UNUSED_VARIABLE = YES;
				IPHONEOS_DEPLOYMENT_TARGET = 9.3;
				MTL_ENABLE_DEBUG_INFO = NO;
				SDKROOT = iphoneos;
				TARGETED_DEVICE_FAMILY = "1,2";
				VALIDATE_PRODUCT = YES;
			};
			name = Release;
		};
		F1F7F4E61CF2CC8E00A7066B /* Debug */ = {
			isa = XCBuildConfiguration;
			buildSettings = {
				ASSETCATALOG_COMPILER_APPICON_NAME = AppIcon;
				INFOPLIST_FILE = TumblrMenu/Info.plist;
				LD_RUNPATH_SEARCH_PATHS = "$(inherited) @executable_path/Frameworks";
				PRODUCT_BUNDLE_IDENTIFIER = edu.self.TumblrMenu;
				PRODUCT_NAME = "$(TARGET_NAME)";
			};
			name = Debug;
		};
		F1F7F4E71CF2CC8E00A7066B /* Release */ = {
			isa = XCBuildConfiguration;
			buildSettings = {
				ASSETCATALOG_COMPILER_APPICON_NAME = AppIcon;
				INFOPLIST_FILE = TumblrMenu/Info.plist;
				LD_RUNPATH_SEARCH_PATHS = "$(inherited) @executable_path/Frameworks";
				PRODUCT_BUNDLE_IDENTIFIER = edu.self.TumblrMenu;
				PRODUCT_NAME = "$(TARGET_NAME)";
			};
			name = Release;
		};
/* End XCBuildConfiguration section */

/* Begin XCConfigurationList section */
		F1F7F4CE1CF2CC8E00A7066B /* Build configuration list for PBXProject "TumblrMenu" */ = {
			isa = XCConfigurationList;
			buildConfigurations = (
				F1F7F4E31CF2CC8E00A7066B /* Debug */,
				F1F7F4E41CF2CC8E00A7066B /* Release */,
			);
			defaultConfigurationIsVisible = 0;
			defaultConfigurationName = Release;
		};
		F1F7F4E51CF2CC8E00A7066B /* Build configuration list for PBXNativeTarget "TumblrMenu" */ = {
			isa = XCConfigurationList;
			buildConfigurations = (
				F1F7F4E61CF2CC8E00A7066B /* Debug */,
				F1F7F4E71CF2CC8E00A7066B /* Release */,
			);
			defaultConfigurationIsVisible = 0;
		};
/* End XCConfigurationList section */
	};
	rootObject = F1F7F4CB1CF2CC8E00A7066B /* Project object */;
}
