// !$*UTF8*$!
{
	archiveVersion = 1;
	classes = {
	};
	objectVersion = 46;
	objects = {

/* Begin PBXBuildFile section */
		F10E15331D0D409000CCD52B /* AppDelegate.swift in Sources */ = {isa = PBXBuildFile; fileRef = F10E15321D0D409000CCD52B /* AppDelegate.swift */; };
		F10E15351D0D409000CCD52B /* ViewController.swift in Sources */ = {isa = PBXBuildFile; fileRef = F10E15341D0D409000CCD52B /* ViewController.swift */; };
		F10E15381D0D409000CCD52B /* Main.storyboard in Resources */ = {isa = PBXBuildFile; fileRef = F10E15361D0D409000CCD52B /* Main.storyboard */; };
		F10E153A1D0D409000CCD52B /* Assets.xcassets in Resources */ = {isa = PBXBuildFile; fileRef = F10E15391D0D409000CCD52B /* Assets.xcassets */; };
		F10E153D1D0D409000CCD52B /* LaunchScreen.storyboard in Resources */ = {isa = PBXBuildFile; fileRef = F10E153B1D0D409000CCD52B /* LaunchScreen.storyboard */; };
/* End PBXBuildFile section */

/* Begin PBXFileReference section */
		F10E152F1D0D409000CCD52B /* MaskEffect.app */ = {isa = PBXFileReference; explicitFileType = wrapper.application; includeInIndex = 0; path = MaskEffect.app; sourceTree = BUILT_PRODUCTS_DIR; };
		F10E15321D0D409000CCD52B /* AppDelegate.swift */ = {isa = PBXFileReference; lastKnownFileType = sourcecode.swift; path = AppDelegate.swift; sourceTree = "<group>"; };
		F10E15341D0D409000CCD52B /* ViewController.swift */ = {isa = PBXFileReference; lastKnownFileType = sourcecode.swift; path = ViewController.swift; sourceTree = "<group>"; };
		F10E15371D0D409000CCD52B /* Base */ = {isa = PBXFileReference; lastKnownFileType = file.storyboard; name = Base; path = Base.lproj/Main.storyboard; sourceTree = "<group>"; };
		F10E15391D0D409000CCD52B /* Assets.xcassets */ = {isa = PBXFileReference; lastKnownFileType = folder.assetcatalog; path = Assets.xcassets; sourceTree = "<group>"; };
		F10E153C1D0D409000CCD52B /* Base */ = {isa = PBXFileReference; lastKnownFileType = file.storyboard; name = Base; path = Base.lproj/LaunchScreen.storyboard; sourceTree = "<group>"; };
		F10E153E1D0D409000CCD52B /* Info.plist */ = {isa = PBXFileReference; lastKnownFileType = text.plist.xml; path = Info.plist; sourceTree = "<group>"; };
/* End PBXFileReference section */

/* Begin PBXFrameworksBuildPhase section */
		F10E152C1D0D409000CCD52B /* Frameworks */ = {
			isa = PBXFrameworksBuildPhase;
			buildActionMask = 2147483647;
			files = (
			);
			runOnlyForDeploymentPostprocessing = 0;
		};
/* End PBXFrameworksBuildPhase section */

/* Begin PBXGroup section */
		F10E15261D0D409000CCD52B = {
			isa = PBXGroup;
			children = (
				F10E15311D0D409000CCD52B /* MaskEffect */,
				F10E15301D0D409000CCD52B /* Products */,
			);
			sourceTree = "<group>";
		};
		F10E15301D0D409000CCD52B /* Products */ = {
			isa = PBXGroup;
			children = (
				F10E152F1D0D409000CCD52B /* MaskEffect.app */,
			);
			name = Products;
			sourceTree = "<group>";
		};
		F10E15311D0D409000CCD52B /* MaskEffect */ = {
			isa = PBXGroup;
			children = (
				F10E15321D0D409000CCD52B /* AppDelegate.swift */,
				F10E15341D0D409000CCD52B /* ViewController.swift */,
				F10E15361D0D409000CCD52B /* Main.storyboard */,
				F10E15391D0D409000CCD52B /* Assets.xcassets */,
				F10E153B1D0D409000CCD52B /* LaunchScreen.storyboard */,
				F10E153E1D0D409000CCD52B /* Info.plist */,
			);
			path = MaskEffect;
			sourceTree = "<group>";
		};
/* End PBXGroup section */

/* Begin PBXNativeTarget section */
		F10E152E1D0D409000CCD52B /* MaskEffect */ = {
			isa = PBXNativeTarget;
			buildConfigurationList = F10E15411D0D409000CCD52B /* Build configuration list for PBXNativeTarget "MaskEffect" */;
			buildPhases = (
				F10E152B1D0D409000CCD52B /* Sources */,
				F10E152C1D0D409000CCD52B /* Frameworks */,
				F10E152D1D0D409000CCD52B /* Resources */,
			);
			buildRules = (
			);
			dependencies = (
			);
			name = MaskEffect;
			productName = MaskEffect;
			productReference = F10E152F1D0D409000CCD52B /* MaskEffect.app */;
			productType = "com.apple.product-type.application";
		};
/* End PBXNativeTarget section */

/* Begin PBXProject section */
		F10E15271D0D409000CCD52B /* Project object */ = {
			isa = PBXProject;
			attributes = {
				LastSwiftUpdateCheck = 0730;
				LastUpgradeCheck = 0730;
				ORGANIZATIONNAME = Donny;
				TargetAttributes = {
					F10E152E1D0D409000CCD52B = {
						CreatedOnToolsVersion = 7.3.1;
						DevelopmentTeam = 76WCWVEEDT;
					};
				};
			};
			buildConfigurationList = F10E152A1D0D409000CCD52B /* Build configuration list for PBXProject "MaskEffect" */;
			compatibilityVersion = "Xcode 3.2";
			developmentRegion = English;
			hasScannedForEncodings = 0;
			knownRegions = (
				en,
				Base,
			);
			mainGroup = F10E15261D0D409000CCD52B;
			productRefGroup = F10E15301D0D409000CCD52B /* Products */;
			projectDirPath = "";
			projectRoot = "";
			targets = (
				F10E152E1D0D409000CCD52B /* MaskEffect */,
			);
		};
/* End PBXProject section */

/* Begin PBXResourcesBuildPhase section */
		F10E152D1D0D409000CCD52B /* Resources */ = {
			isa = PBXResourcesBuildPhase;
			buildActionMask = 2147483647;
			files = (
				F10E153D1D0D409000CCD52B /* LaunchScreen.storyboard in Resources */,
				F10E153A1D0D409000CCD52B /* Assets.xcassets in Resources */,
				F10E15381D0D409000CCD52B /* Main.storyboard in Resources */,
			);
			runOnlyForDeploymentPostprocessing = 0;
		};
/* End PBXResourcesBuildPhase section */

/* Begin PBXSourcesBuildPhase section */
		F10E152B1D0D409000CCD52B /* Sources */ = {
			isa = PBXSourcesBuildPhase;
			buildActionMask = 2147483647;
			files = (
				F10E15351D0D409000CCD52B /* ViewController.swift in Sources */,
				F10E15331D0D409000CCD52B /* AppDelegate.swift in Sources */,
			);
			runOnlyForDeploymentPostprocessing = 0;
		};
/* End PBXSourcesBuildPhase section */

/* Begin PBXVariantGroup section */
		F10E15361D0D409000CCD52B /* Main.storyboard */ = {
			isa = PBXVariantGroup;
			children = (
				F10E15371D0D409000CCD52B /* Base */,
			);
			name = Main.storyboard;
			sourceTree = "<group>";
		};
		F10E153B1D0D409000CCD52B /* LaunchScreen.storyboard */ = {
			isa = PBXVariantGroup;
			children = (
				F10E153C1D0D409000CCD52B /* Base */,
			);
			name = LaunchScreen.storyboard;
			sourceTree = "<group>";
		};
/* End PBXVariantGroup section */

/* Begin XCBuildConfiguration section */
		F10E153F1D0D409000CCD52B /* Debug */ = {
			isa = XCBuildConfiguration;
			buildSettings = {
				ALWAYS_SEARCH_USER_PATHS = NO;
				CLANG_ANALYZER_NONNULL = YES;
				CLANG_CXX_LANGUAGE_STANDARD = "gnu++0x";
				CLANG_CXX_LIBRARY = "libc++";
				CLANG_ENABLE_MODULES = YES;
				CLANG_ENABLE_OBJC_ARC = YES;
				CLANG_WARN_BOOL_CONVERSION = YES;
				CLANG_WARN_CONSTANT_CONVERSION = YES;
				CLANG_WARN_DIRECT_OBJC_ISA_USAGE = YES_ERROR;
				CLANG_WARN_EMPTY_BODY = YES;
				CLANG_WARN_ENUM_CONVERSION = YES;
				CLANG_WARN_INT_CONVERSION = YES;
				CLANG_WARN_OBJC_ROOT_CLASS = YES_ERROR;
				CLANG_WARN_UNREACHABLE_CODE = YES;
				CLANG_WARN__DUPLICATE_METHOD_MATCH = YES;
				"CODE_SIGN_IDENTITY[sdk=iphoneos*]" = "iPhone Developer";
				COPY_PHASE_STRIP = NO;
				DEBUG_INFORMATION_FORMAT = dwarf;
				ENABLE_STRICT_OBJC_MSGSEND = YES;
				ENABLE_TESTABILITY = YES;
				GCC_C_LANGUAGE_STANDARD = gnu99;
				GCC_DYNAMIC_NO_PIC = NO;
				GCC_NO_COMMON_BLOCKS = YES;
				GCC_OPTIMIZATION_LEVEL = 0;
				GCC_PREPROCESSOR_DEFINITIONS = (
					"DEBUG=1",
					"$(inherited)",
				);
				GCC_WARN_64_TO_32_BIT_CONVERSION = YES;
				GCC_WARN_ABOUT_RETURN_TYPE = YES_ERROR;
				GCC_WARN_UNDECLARED_SELECTOR = YES;
				GCC_WARN_UNINITIALIZED_AUTOS = YES_AGGRESSIVE;
				GCC_WARN_UNUSED_FUNCTION = YES;
				GCC_WARN_UNUSED_VARIABLE = YES;
				IPHONEOS_DEPLOYMENT_TARGET = 9.3;
				MTL_ENABLE_DEBUG_INFO = YES;
				ONLY_ACTIVE_ARCH = YES;
				SDKROOT = iphoneos;
				SWIFT_OPTIMIZATION_LEVEL = "-Onone";
				TARGETED_DEVICE_FAMILY = "1,2";
			};
			name = Debug;
		};
		F10E15401D0D409000CCD52B /* Release */ = {
			isa = XCBuildConfiguration;
			buildSettings = {
				ALWAYS_SEARCH_USER_PATHS = NO;
				CLANG_ANALYZER_NONNULL = YES;
				CLANG_CXX_LANGUAGE_STANDARD = "gnu++0x";
				CLANG_CXX_LIBRARY = "libc++";
				CLANG_ENABLE_MODULES = YES;
				CLANG_ENABLE_OBJC_ARC = YES;
				CLANG_WARN_BOOL_CONVERSION = YES;
				CLANG_WARN_CONSTANT_CONVERSION = YES;
				CLANG_WARN_DIRECT_OBJC_ISA_USAGE = YES_ERROR;
				CLANG_WARN_EMPTY_BODY = YES;
				CLANG_WARN_ENUM_CONVERSION = YES;
				CLANG_WARN_INT_CONVERSION = YES;
				CLANG_WARN_OBJC_ROOT_CLASS = YES_ERROR;
				CLANG_WARN_UNREACHABLE_CODE = YES;
				CLANG_WARN__DUPLICATE_METHOD_MATCH = YES;
				"CODE_SIGN_IDENTITY[sdk=iphoneos*]" = "iPhone Developer";
				COPY_PHASE_STRIP = NO;
				DEBUG_INFORMATION_FORMAT = "dwarf-with-dsym";
				ENABLE_NS_ASSERTIONS = NO;
				ENABLE_STRICT_OBJC_MSGSEND = YES;
				GCC_C_LANGUAGE_STANDARD = gnu99;
				GCC_NO_COMMON_BLOCKS = YES;
				GCC_WARN_64_TO_32_BIT_CONVERSION = YES;
				GCC_WARN_ABOUT_RETURN_TYPE = YES_ERROR;
				GCC_WARN_UNDECLARED_SELECTOR = YES;
				GCC_WARN_UNINITIALIZED_AUTOS = YES_AGGRESSIVE;
				GCC_WARN_UNUSED_FUNCTION = YES;
				GCC_WARN_UNUSED_VARIABLE = YES;
				IPHONEOS_DEPLOYMENT_TARGET = 9.3;
				MTL_ENABLE_DEBUG_INFO = NO;
				SDKROOT = iphoneos;
				TARGETED_DEVICE_FAMILY = "1,2";
				VALIDATE_PRODUCT = YES;
			};
			name = Release;
		};
		F10E15421D0D409000CCD52B /* Debug */ = {
			isa = XCBuildConfiguration;
			buildSettings = {
				ASSETCATALOG_COMPILER_APPICON_NAME = AppIcon;
				INFOPLIST_FILE = MaskEffect/Info.plist;
				LD_RUNPATH_SEARCH_PATHS = "$(inherited) @executable_path/Frameworks";
				PRODUCT_BUNDLE_IDENTIFIER = edu.self.MaskEffect;
				PRODUCT_NAME = "$(TARGET_NAME)";
			};
			name = Debug;
		};
		F10E15431D0D409000CCD52B /* Release */ = {
			isa = XCBuildConfiguration;
			buildSettings = {
				ASSETCATALOG_COMPILER_APPICON_NAME = AppIcon;
				INFOPLIST_FILE = MaskEffect/Info.plist;
				LD_RUNPATH_SEARCH_PATHS = "$(inherited) @executable_path/Frameworks";
				PRODUCT_BUNDLE_IDENTIFIER = edu.self.MaskEffect;
				PRODUCT_NAME = "$(TARGET_NAME)";
			};
			name = Release;
		};
/* End XCBuildConfiguration section */

/* Begin XCConfigurationList section */
		F10E152A1D0D409000CCD52B /* Build configuration list for PBXProject "MaskEffect" */ = {
			isa = XCConfigurationList;
			buildConfigurations = (
				F10E153F1D0D409000CCD52B /* Debug */,
				F10E15401D0D409000CCD52B /* Release */,
			);
			defaultConfigurationIsVisible = 0;
			defaultConfigurationName = Release;
		};
		F10E15411D0D409000CCD52B /* Build configuration list for PBXNativeTarget "MaskEffect" */ = {
			isa = XCConfigurationList;
			buildConfigurations = (
				F10E15421D0D409000CCD52B /* Debug */,
				F10E15431D0D409000CCD52B /* Release */,
			);
			defaultConfigurationIsVisible = 0;
		};
/* End XCConfigurationList section */
	};
	rootObject = F10E15271D0D409000CCD52B /* Project object */;
}
